
Microsoft Visual Studio Solution File, Format Version 12.00
# Visual Studio 14
VisualStudioVersion = 14.0.25123.0
MinimumVisualStudioVersion = 10.0.40219.1
Project("{FAE04EC0-301F-11D3-BF4B-00C04F79EFBC}") = "MyTest", "MyTest\MyTest.csproj", "{EC687AA2-379E-48F0-8D11-6D1E4FD52654}"
EndProject
Project("{FAE04EC0-301F-11D3-BF4B-00C04F79EFBC}") = "MyTest.Test", "MyTest.Test\MyTest.Test.csproj", "{9BD898EC-CB4F-48A3-B42F-9857F6CBE946}"
EndProject
Global
	GlobalSection(SolutionConfigurationPlatforms) = preSolution
		Debug|Any CPU = Debug|Any CPU
		Release|Any CPU = Release|Any CPU
	EndGlobalSection
	GlobalSection(ProjectConfigurationPlatforms) = postSolution
		{EC687AA2-379E-48F0-8D11-6D1E4FD52654}.Debug|Any CPU.ActiveCfg = Debug|Any CPU
		{EC687AA2-379E-48F0-8D11-6D1E4FD52654}.Debug|Any CPU.Build.0 = Debug|Any CPU
		{EC687AA2-379E-48F0-8D11-6D1E4FD52654}.Release|Any CPU.ActiveCfg = Release|Any CPU
		{EC687AA2-379E-48F0-8D11-6D1E4FD52654}.Release|Any CPU.Build.0 = Release|Any CPU
		{9BD898EC-CB4F-48A3-B42F-9857F6CBE946}.Debug|Any CPU.ActiveCfg = Debug|Any CPU
		{9BD898EC-CB4F-48A3-B42F-9857F6CBE946}.Debug|Any CPU.Build.0 = Debug|Any CPU
		{9BD898EC-CB4F-48A3-B42F-9857F6CBE946}.Release|Any CPU.ActiveCfg = Release|Any CPU
		{9BD898EC-CB4F-48A3-B42F-9857F6CBE946}.Release|Any CPU.Build.0 = Release|Any CPU
	EndGlobalSection
	GlobalSection(SolutionProperties) = preSolution
		HideSolutionNode = FALSE
	EndGlobalSection
EndGlobal
